// !$*UTF8*$!
{
	archiveVersion = 1;
	classes = {
	};
	objectVersion = 46;
	objects = {

/* Begin PBXBuildFile section */
		8B21B56A1B84DADA0088D0D6 /* main.m in Sources */ = {isa = PBXBuildFile; fileRef = 8B21B5691B84DADA0088D0D6 /* main.m */; };
		8B21B56D1B84DADA0088D0D6 /* AppDelegate.m in Sources */ = {isa = PBXBuildFile; fileRef = 8B21B56C1B84DADA0088D0D6 /* AppDelegate.m */; };
		8B21B56F1B84DADA0088D0D6 /* Images.xcassets in Resources */ = {isa = PBXBuildFile; fileRef = 8B21B56E1B84DADA0088D0D6 /* Images.xcassets */; };
		8B21B5721B84DADA0088D0D6 /* LaunchScreen.xib in Resources */ = {isa = PBXBuildFile; fileRef = 8B21B5701B84DADA0088D0D6 /* LaunchScreen.xib */; };
		8B21B57E1B84DADA0088D0D6 /* Chestnut_demoTests.m in Sources */ = {isa = PBXBuildFile; fileRef = 8B21B57D1B84DADA0088D0D6 /* Chestnut_demoTests.m */; };
		8B21B58A1B84DBA60088D0D6 /* CHNTextField.m in Sources */ = {isa = PBXBuildFile; fileRef = 8B21B5891B84DBA60088D0D6 /* CHNTextField.m */; };
		8B21B58D1B84DF290088D0D6 /* MainViewController.m in Sources */ = {isa = PBXBuildFile; fileRef = 8B21B58C1B84DF290088D0D6 /* MainViewController.m */; };
/* End PBXBuildFile section */

/* Begin PBXContainerItemProxy section */
		8B21B5781B84DADA0088D0D6 /* PBXContainerItemProxy */ = {
			isa = PBXContainerItemProxy;
			containerPortal = 8B21B55C1B84DADA0088D0D6 /* Project object */;
			proxyType = 1;
			remoteGlobalIDString = 8B21B5631B84DADA0088D0D6;
			remoteInfo = "Chestnut-demo";
		};
/* End PBXContainerItemProxy section */

/* Begin PBXFileReference section */
		8B21B5641B84DADA0088D0D6 /* Chestnut-demo.app */ = {isa = PBXFileReference; explicitFileType = wrapper.application; includeInIndex = 0; path = "Chestnut-demo.app"; sourceTree = BUILT_PRODUCTS_DIR; };
		8B21B5681B84DADA0088D0D6 /* Info.plist */ = {isa = PBXFileReference; lastKnownFileType = text.plist.xml; path = Info.plist; sourceTree = "<group>"; };
		8B21B5691B84DADA0088D0D6 /* main.m */ = {isa = PBXFileReference; lastKnownFileType = sourcecode.c.objc; path = main.m; sourceTree = "<group>"; };
		8B21B56B1B84DADA0088D0D6 /* AppDelegate.h */ = {isa = PBXFileReference; lastKnownFileType = sourcecode.c.h; path = AppDelegate.h; sourceTree = "<group>"; };
		8B21B56C1B84DADA0088D0D6 /* AppDelegate.m */ = {isa = PBXFileReference; lastKnownFileType = sourcecode.c.objc; path = AppDelegate.m; sourceTree = "<group>"; };
		8B21B56E1B84DADA0088D0D6 /* Images.xcassets */ = {isa = PBXFileReference; lastKnownFileType = folder.assetcatalog; path = Images.xcassets; sourceTree = "<group>"; };
		8B21B5711B84DADA0088D0D6 /* Base */ = {isa = PBXFileReference; lastKnownFileType = file.xib; name = Base; path = Base.lproj/LaunchScreen.xib; sourceTree = "<group>"; };
		8B21B5771B84DADA0088D0D6 /* Chestnut-demoTests.xctest */ = {isa = PBXFileReference; explicitFileType = wrapper.cfbundle; includeInIndex = 0; path = "Chestnut-demoTests.xctest"; sourceTree = BUILT_PRODUCTS_DIR; };
		8B21B57C1B84DADA0088D0D6 /* Info.plist */ = {isa = PBXFileReference; lastKnownFileType = text.plist.xml; path = Info.plist; sourceTree = "<group>"; };
		8B21B57D1B84DADA0088D0D6 /* Chestnut_demoTests.m */ = {isa = PBXFileReference; lastKnownFileType = sourcecode.c.objc; path = Chestnut_demoTests.m; sourceTree = "<group>"; };
		8B21B5881B84DBA60088D0D6 /* CHNTextField.h */ = {isa = PBXFileReference; fileEncoding = 4; lastKnownFileType = sourcecode.c.h; name = CHNTextField.h; path = ../Chestnut/CHNTextField.h; sourceTree = "<group>"; };
		8B21B5891B84DBA60088D0D6 /* CHNTextField.m */ = {isa = PBXFileReference; fileEncoding = 4; lastKnownFileType = sourcecode.c.objc; name = CHNTextField.m; path = ../Chestnut/CHNTextField.m; sourceTree = "<group>"; };
		8B21B58B1B84DF290088D0D6 /* MainViewController.h */ = {isa = PBXFileReference; fileEncoding = 4; lastKnownFileType = sourcecode.c.h; path = MainViewController.h; sourceTree = "<group>"; };
		8B21B58C1B84DF290088D0D6 /* MainViewController.m */ = {isa = PBXFileReference; fileEncoding = 4; lastKnownFileType = sourcecode.c.objc; path = MainViewController.m; sourceTree = "<group>"; };
/* End PBXFileReference section */

/* Begin PBXFrameworksBuildPhase section */
		8B21B5611B84DADA0088D0D6 /* Frameworks */ = {
			isa = PBXFrameworksBuildPhase;
			buildActionMask = 2147483647;
			files = (
			);
			runOnlyForDeploymentPostprocessing = 0;
		};
		8B21B5741B84DADA0088D0D6 /* Frameworks */ = {
			isa = PBXFrameworksBuildPhase;
			buildActionMask = 2147483647;
			files = (
			);
			runOnlyForDeploymentPostprocessing = 0;
		};
/* End PBXFrameworksBuildPhase section */

/* Begin PBXGroup section */
		8B21B55B1B84DADA0088D0D6 = {
			isa = PBXGroup;
			children = (
				8B21B5871B84DB3B0088D0D6 /* Chestnut */,
				8B21B5661B84DADA0088D0D6 /* Chestnut-demo */,
				8B21B57A1B84DADA0088D0D6 /* Chestnut-demoTests */,
				8B21B5651B84DADA0088D0D6 /* Products */,
			);
			sourceTree = "<group>";
		};
		8B21B5651B84DADA0088D0D6 /* Products */ = {
			isa = PBXGroup;
			children = (
				8B21B5641B84DADA0088D0D6 /* Chestnut-demo.app */,
				8B21B5771B84DADA0088D0D6 /* Chestnut-demoTests.xctest */,
			);
			name = Products;
			sourceTree = "<group>";
		};
		8B21B5661B84DADA0088D0D6 /* Chestnut-demo */ = {
			isa = PBXGroup;
			children = (
				8B21B58B1B84DF290088D0D6 /* MainViewController.h */,
				8B21B58C1B84DF290088D0D6 /* MainViewController.m */,
				8B21B56B1B84DADA0088D0D6 /* AppDelegate.h */,
				8B21B56C1B84DADA0088D0D6 /* AppDelegate.m */,
				8B21B56E1B84DADA0088D0D6 /* Images.xcassets */,
				8B21B5701B84DADA0088D0D6 /* LaunchScreen.xib */,
				8B21B5671B84DADA0088D0D6 /* Supporting Files */,
			);
			path = "Chestnut-demo";
			sourceTree = "<group>";
		};
		8B21B5671B84DADA0088D0D6 /* Supporting Files */ = {
			isa = PBXGroup;
			children = (
				8B21B5681B84DADA0088D0D6 /* Info.plist */,
				8B21B5691B84DADA0088D0D6 /* main.m */,
			);
			name = "Supporting Files";
			sourceTree = "<group>";
		};
		8B21B57A1B84DADA0088D0D6 /* Chestnut-demoTests */ = {
			isa = PBXGroup;
			children = (
				8B21B57D1B84DADA0088D0D6 /* Chestnut_demoTests.m */,
				8B21B57B1B84DADA0088D0D6 /* Supporting Files */,
			);
			path = "Chestnut-demoTests";
			sourceTree = "<group>";
		};
		8B21B57B1B84DADA0088D0D6 /* Supporting Files */ = {
			isa = PBXGroup;
			children = (
				8B21B57C1B84DADA0088D0D6 /* Info.plist */,
			);
			name = "Supporting Files";
			sourceTree = "<group>";
		};
		8B21B5871B84DB3B0088D0D6 /* Chestnut */ = {
			isa = PBXGroup;
			children = (
				8B21B5881B84DBA60088D0D6 /* CHNTextField.h */,
				8B21B5891B84DBA60088D0D6 /* CHNTextField.m */,
			);
			name = Chestnut;
			sourceTree = "<group>";
		};
/* End PBXGroup section */

/* Begin PBXNativeTarget section */
		8B21B5631B84DADA0088D0D6 /* Chestnut-demo */ = {
			isa = PBXNativeTarget;
			buildConfigurationList = 8B21B5811B84DADA0088D0D6 /* Build configuration list for PBXNativeTarget "Chestnut-demo" */;
			buildPhases = (
				8B21B5601B84DADA0088D0D6 /* Sources */,
				8B21B5611B84DADA0088D0D6 /* Frameworks */,
				8B21B5621B84DADA0088D0D6 /* Resources */,
			);
			buildRules = (
			);
			dependencies = (
			);
			name = "Chestnut-demo";
			productName = "Chestnut-demo";
			productReference = 8B21B5641B84DADA0088D0D6 /* Chestnut-demo.app */;
			productType = "com.apple.product-type.application";
		};
		8B21B5761B84DADA0088D0D6 /* Chestnut-demoTests */ = {
			isa = PBXNativeTarget;
			buildConfigurationList = 8B21B5841B84DADA0088D0D6 /* Build configuration list for PBXNativeTarget "Chestnut-demoTests" */;
			buildPhases = (
				8B21B5731B84DADA0088D0D6 /* Sources */,
				8B21B5741B84DADA0088D0D6 /* Frameworks */,
				8B21B5751B84DADA0088D0D6 /* Resources */,
			);
			buildRules = (
			);
			dependencies = (
				8B21B5791B84DADA0088D0D6 /* PBXTargetDependency */,
			);
			name = "Chestnut-demoTests";
			productName = "Chestnut-demoTests";
			productReference = 8B21B5771B84DADA0088D0D6 /* Chestnut-demoTests.xctest */;
			productType = "com.apple.product-type.bundle.unit-test";
		};
/* End PBXNativeTarget section */

/* Begin PBXProject section */
		8B21B55C1B84DADA0088D0D6 /* Project object */ = {
			isa = PBXProject;
			attributes = {
				LastUpgradeCheck = 0640;
				ORGANIZATIONNAME = jyllandsgatan;
				TargetAttributes = {
					8B21B5631B84DADA0088D0D6 = {
						CreatedOnToolsVersion = 6.4;
					};
					8B21B5761B84DADA0088D0D6 = {
						CreatedOnToolsVersion = 6.4;
						TestTargetID = 8B21B5631B84DADA0088D0D6;
					};
				};
			};
			buildConfigurationList = 8B21B55F1B84DADA0088D0D6 /* Build configuration list for PBXProject "Chestnut-demo" */;
			compatibilityVersion = "Xcode 3.2";
			developmentRegion = English;
			hasScannedForEncodings = 0;
			knownRegions = (
				en,
				Base,
			);
			mainGroup = 8B21B55B1B84DADA0088D0D6;
			productRefGroup = 8B21B5651B84DADA0088D0D6 /* Products */;
			projectDirPath = "";
			projectRoot = "";
			targets = (
				8B21B5631B84DADA0088D0D6 /* Chestnut-demo */,
				8B21B5761B84DADA0088D0D6 /* Chestnut-demoTests */,
			);
		};
/* End PBXProject section */

/* Begin PBXResourcesBuildPhase section */
		8B21B5621B84DADA0088D0D6 /* Resources */ = {
			isa = PBXResourcesBuildPhase;
			buildActionMask = 2147483647;
			files = (
				8B21B5721B84DADA0088D0D6 /* LaunchScreen.xib in Resources */,
				8B21B56F1B84DADA0088D0D6 /* Images.xcassets in Resources */,
			);
			runOnlyForDeploymentPostprocessing = 0;
		};
		8B21B5751B84DADA0088D0D6 /* Resources */ = {
			isa = PBXResourcesBuildPhase;
			buildActionMask = 2147483647;
			files = (
			);
			runOnlyForDeploymentPostprocessing = 0;
		};
/* End PBXResourcesBuildPhase section */

/* Begin PBXSourcesBuildPhase section */
		8B21B5601B84DADA0088D0D6 /* Sources */ = {
			isa = PBXSourcesBuildPhase;
			buildActionMask = 2147483647;
			files = (
				8B21B56D1B84DADA0088D0D6 /* AppDelegate.m in Sources */,
				8B21B56A1B84DADA0088D0D6 /* main.m in Sources */,
				8B21B58A1B84DBA60088D0D6 /* CHNTextField.m in Sources */,
				8B21B58D1B84DF290088D0D6 /* MainViewController.m in Sources */,
			);
			runOnlyForDeploymentPostprocessing = 0;
		};
		8B21B5731B84DADA0088D0D6 /* Sources */ = {
			isa = PBXSourcesBuildPhase;
			buildActionMask = 2147483647;
			files = (
				8B21B57E1B84DADA0088D0D6 /* Chestnut_demoTests.m in Sources */,
			);
			runOnlyForDeploymentPostprocessing = 0;
		};
/* End PBXSourcesBuildPhase section */

/* Begin PBXTargetDependency section */
		8B21B5791B84DADA0088D0D6 /* PBXTargetDependency */ = {
			isa = PBXTargetDependency;
			target = 8B21B5631B84DADA0088D0D6 /* Chestnut-demo */;
			targetProxy = 8B21B5781B84DADA0088D0D6 /* PBXContainerItemProxy */;
		};
/* End PBXTargetDependency section */

/* Begin PBXVariantGroup section */
		8B21B5701B84DADA0088D0D6 /* LaunchScreen.xib */ = {
			isa = PBXVariantGroup;
			children = (
				8B21B5711B84DADA0088D0D6 /* Base */,
			);
			name = LaunchScreen.xib;
			sourceTree = "<group>";
		};
/* End PBXVariantGroup section */

/* Begin XCBuildConfiguration section */
		8B21B57F1B84DADA0088D0D6 /* Debug */ = {
			isa = XCBuildConfiguration;
			buildSettings = {
				ALWAYS_SEARCH_USER_PATHS = NO;
				CLANG_CXX_LANGUAGE_STANDARD = "gnu++0x";
				CLANG_CXX_LIBRARY = "libc++";
				CLANG_ENABLE_MODULES = YES;
				CLANG_ENABLE_OBJC_ARC = YES;
				CLANG_WARN_BOOL_CONVERSION = YES;
				CLANG_WARN_CONSTANT_CONVERSION = YES;
				CLANG_WARN_DIRECT_OBJC_ISA_USAGE = YES_ERROR;
				CLANG_WARN_EMPTY_BODY = YES;
				CLANG_WARN_ENUM_CONVERSION = YES;
				CLANG_WARN_INT_CONVERSION = YES;
				CLANG_WARN_OBJC_ROOT_CLASS = YES_ERROR;
				CLANG_WARN_UNREACHABLE_CODE = YES;
				CLANG_WARN__DUPLICATE_METHOD_MATCH = YES;
				"CODE_SIGN_IDENTITY[sdk=iphoneos*]" = "iPhone Developer";
				COPY_PHASE_STRIP = NO;
				DEBUG_INFORMATION_FORMAT = "dwarf-with-dsym";
				ENABLE_STRICT_OBJC_MSGSEND = YES;
				GCC_C_LANGUAGE_STANDARD = gnu99;
				GCC_DYNAMIC_NO_PIC = NO;
				GCC_NO_COMMON_BLOCKS = YES;
				GCC_OPTIMIZATION_LEVEL = 0;
				GCC_PREPROCESSOR_DEFINITIONS = (
					"DEBUG=1",
					"$(inherited)",
				);
				GCC_SYMBOLS_PRIVATE_EXTERN = NO;
				GCC_WARN_64_TO_32_BIT_CONVERSION = YES;
				GCC_WARN_ABOUT_RETURN_TYPE = YES_ERROR;
				GCC_WARN_UNDECLARED_SELECTOR = YES;
				GCC_WARN_UNINITIALIZED_AUTOS = YES_AGGRESSIVE;
				GCC_WARN_UNUSED_FUNCTION = YES;
				GCC_WARN_UNUSED_VARIABLE = YES;
				IPHONEOS_DEPLOYMENT_TARGET = 8.4;
				MTL_ENABLE_DEBUG_INFO = YES;
				ONLY_ACTIVE_ARCH = YES;
				SDKROOT = iphoneos;
			};
			name = Debug;
		};
		8B21B5801B84DADA0088D0D6 /* Release */ = {
			isa = XCBuildConfiguration;
			buildSettings = {
				ALWAYS_SEARCH_USER_PATHS = NO;
				CLANG_CXX_LANGUAGE_STANDARD = "gnu++0x";
				CLANG_CXX_LIBRARY = "libc++";
				CLANG_ENABLE_MODULES = YES;
				CLANG_ENABLE_OBJC_ARC = YES;
				CLANG_WARN_BOOL_CONVERSION = YES;
				CLANG_WARN_CONSTANT_CONVERSION = YES;
				CLANG_WARN_DIRECT_OBJC_ISA_USAGE = YES_ERROR;
				CLANG_WARN_EMPTY_BODY = YES;
				CLANG_WARN_ENUM_CONVERSION = YES;
				CLANG_WARN_INT_CONVERSION = YES;
				CLANG_WARN_OBJC_ROOT_CLASS = YES_ERROR;
				CLANG_WARN_UNREACHABLE_CODE = YES;
				CLANG_WARN__DUPLICATE_METHOD_MATCH = YES;
				"CODE_SIGN_IDENTITY[sdk=iphoneos*]" = "iPhone Developer";
				COPY_PHASE_STRIP = NO;
				DEBUG_INFORMATION_FORMAT = "dwarf-with-dsym";
				ENABLE_NS_ASSERTIONS = NO;
				ENABLE_STRICT_OBJC_MSGSEND = YES;
				GCC_C_LANGUAGE_STANDARD = gnu99;
				GCC_NO_COMMON_BLOCKS = YES;
				GCC_WARN_64_TO_32_BIT_CONVERSION = YES;
				GCC_WARN_ABOUT_RETURN_TYPE = YES_ERROR;
				GCC_WARN_UNDECLARED_SELECTOR = YES;
				GCC_WARN_UNINITIALIZED_AUTOS = YES_AGGRESSIVE;
				GCC_WARN_UNUSED_FUNCTION = YES;
				GCC_WARN_UNUSED_VARIABLE = YES;
				IPHONEOS_DEPLOYMENT_TARGET = 8.4;
				MTL_ENABLE_DEBUG_INFO = NO;
				SDKROOT = iphoneos;
				VALIDATE_PRODUCT = YES;
			};
			name = Release;
		};
		8B21B5821B84DADA0088D0D6 /* Debug */ = {
			isa = XCBuildConfiguration;
			buildSettings = {
				ASSETCATALOG_COMPILER_APPICON_NAME = AppIcon;
				INFOPLIST_FILE = "Chestnut-demo/Info.plist";
				IPHONEOS_DEPLOYMENT_TARGET = 7.0;
				LD_RUNPATH_SEARCH_PATHS = "$(inherited) @executable_path/Frameworks";
				PRODUCT_NAME = "$(TARGET_NAME)";
			};
			name = Debug;
		};
		8B21B5831B84DADA0088D0D6 /* Release */ = {
			isa = XCBuildConfiguration;
			buildSettings = {
				ASSETCATALOG_COMPILER_APPICON_NAME = AppIcon;
				INFOPLIST_FILE = "Chestnut-demo/Info.plist";
				IPHONEOS_DEPLOYMENT_TARGET = 7.0;
				LD_RUNPATH_SEARCH_PATHS = "$(inherited) @executable_path/Frameworks";
				PRODUCT_NAME = "$(TARGET_NAME)";
			};
			name = Release;
		};
		8B21B5851B84DADA0088D0D6 /* Debug */ = {
			isa = XCBuildConfiguration;
			buildSettings = {
				BUNDLE_LOADER = "$(TEST_HOST)";
				FRAMEWORK_SEARCH_PATHS = (
					"$(SDKROOT)/Developer/Library/Frameworks",
					"$(inherited)",
				);
				GCC_PREPROCESSOR_DEFINITIONS = (
					"DEBUG=1",
					"$(inherited)",
				);
				INFOPLIST_FILE = "Chestnut-demoTests/Info.plist";
				LD_RUNPATH_SEARCH_PATHS = "$(inherited) @executable_path/Frameworks @loader_path/Frameworks";
				PRODUCT_NAME = "$(TARGET_NAME)";
				TEST_HOST = "$(BUILT_PRODUCTS_DIR)/Chestnut-demo.app/Chestnut-demo";
			};
			name = Debug;
		};
		8B21B5861B84DADA0088D0D6 /* Release */ = {
			isa = XCBuildConfiguration;
			buildSettings = {
				BUNDLE_LOADER = "$(TEST_HOST)";
				FRAMEWORK_SEARCH_PATHS = (
					"$(SDKROOT)/Developer/Library/Frameworks",
					"$(inherited)",
				);
				INFOPLIST_FILE = "Chestnut-demoTests/Info.plist";
				LD_RUNPATH_SEARCH_PATHS = "$(inherited) @executable_path/Frameworks @loader_path/Frameworks";
				PRODUCT_NAME = "$(TARGET_NAME)";
				TEST_HOST = "$(BUILT_PRODUCTS_DIR)/Chestnut-demo.app/Chestnut-demo";
			};
			name = Release;
		};
/* End XCBuildConfiguration section */

/* Begin XCConfigurationList section */
		8B21B55F1B84DADA0088D0D6 /* Build configuration list for PBXProject "Chestnut-demo" */ = {
			isa = XCConfigurationList;
			buildConfigurations = (
				8B21B57F1B84DADA0088D0D6 /* Debug */,
				8B21B5801B84DADA0088D0D6 /* Release */,
			);
			defaultConfigurationIsVisible = 0;
			defaultConfigurationName = Release;
		};
		8B21B5811B84DADA0088D0D6 /* Build configuration list for PBXNativeTarget "Chestnut-demo" */ = {
			isa = XCConfigurationList;
			buildConfigurations = (
				8B21B5821B84DADA0088D0D6 /* Debug */,
				8B21B5831B84DADA0088D0D6 /* Release */,
			);
			defaultConfigurationIsVisible = 0;
		};
		8B21B5841B84DADA0088D0D6 /* Build configuration list for PBXNativeTarget "Chestnut-demoTests" */ = {
			isa = XCConfigurationList;
			buildConfigurations = (
				8B21B5851B84DADA0088D0D6 /* Debug */,
				8B21B5861B84DADA0088D0D6 /* Release */,
			);
			defaultConfigurationIsVisible = 0;
		};
/* End XCConfigurationList section */
	};
	rootObject = 8B21B55C1B84DADA0088D0D6 /* Project object */;
}
